
Microsoft Visual Studio Solution File, Format Version 12.00
# Visual Studio Version 17
VisualStudioVersion = 17.1.32319.34
MinimumVisualStudioVersion = 10.0.40219.1
Project("{FAE04EC0-301F-11D3-BF4B-00C04F79EFBC}") = "hms2", "hms2.csproj", "{B48938A9-8F98-45E2-9D73-17B4CC8FB04D}"
EndProject
Global
	GlobalSection(SolutionConfigurationPlatforms) = preSolution
		Debug|Any CPU = Debug|Any CPU
		Release|Any CPU = Release|Any CPU
	EndGlobalSection
	GlobalSection(ProjectConfigurationPlatforms) = postSolution
		{B48938A9-8F98-45E2-9D73-17B4CC8FB04D}.Debug|Any CPU.ActiveCfg = Debug|Any CPU
		{B48938A9-8F98-45E2-9D73-17B4CC8FB04D}.Debug|Any CPU.Build.0 = Debug|Any CPU
		{B48938A9-8F98-45E2-9D73-17B4CC8FB04D}.Release|Any CPU.ActiveCfg = Release|Any CPU
		{B48938A9-8F98-45E2-9D73-17B4CC8FB04D}.Release|Any CPU.Build.0 = Release|Any CPU
	EndGlobalSection
	GlobalSection(SolutionProperties) = preSolution
		HideSolutionNode = FALSE
	EndGlobalSection
	GlobalSection(ExtensibilityGlobals) = postSolution
		SolutionGuid = {3A895D43-3F7A-475C-BB78-436BA3CFA95D}
	EndGlobalSection
EndGlobal
